
Microsoft Visual Studio Solution File, Format Version 12.00
# Visual Studio Version 16
VisualStudioVersion = 16.0.29613.14
MinimumVisualStudioVersion = 10.0.40219.1
Project("{9A19103F-16F7-4668-BE54-9A1E7A4F7556}") = "AspNetCore31Lab", "AspNetCore31Lab\AspNetCore31Lab.csproj", "{D84933E7-09A1-4238-A28F-FB76575229B9}"
EndProject
Project("{9A19103F-16F7-4668-BE54-9A1E7A4F7556}") = "AspNetCore31Lab.Protocol", "AspNetCore31Lab.Protocol\AspNetCore31Lab.Protocol.csproj", "{401DF3EF-241B-4E9D-84E4-8DBEA62D4325}"
EndProject
Project("{9A19103F-16F7-4668-BE54-9A1E7A4F7556}") = "AspNetCore31Lab.Logic", "AspNetCore31Lab.Logic\AspNetCore31Lab.Logic.csproj", "{CD51B114-12F1-4616-B8BD-F0957A25751F}"
EndProject
Project("{FAE04EC0-301F-11D3-BF4B-00C04F79EFBC}") = "AspNetCore31Lab.Physical", "AspNetCore31Lab.Physical\AspNetCore31Lab.Physical.csproj", "{980FBB4E-1D6D-4DD0-AD23-A8D6A62F508E}"
EndProject
Global
	GlobalSection(SolutionConfigurationPlatforms) = preSolution
		Debug|Any CPU = Debug|Any CPU
		Release|Any CPU = Release|Any CPU
	EndGlobalSection
	GlobalSection(ProjectConfigurationPlatforms) = postSolution
		{D84933E7-09A1-4238-A28F-FB76575229B9}.Debug|Any CPU.ActiveCfg = Debug|Any CPU
		{D84933E7-09A1-4238-A28F-FB76575229B9}.Debug|Any CPU.Build.0 = Debug|Any CPU
		{D84933E7-09A1-4238-A28F-FB76575229B9}.Release|Any CPU.ActiveCfg = Release|Any CPU
		{D84933E7-09A1-4238-A28F-FB76575229B9}.Release|Any CPU.Build.0 = Release|Any CPU
		{401DF3EF-241B-4E9D-84E4-8DBEA62D4325}.Debug|Any CPU.ActiveCfg = Debug|Any CPU
		{401DF3EF-241B-4E9D-84E4-8DBEA62D4325}.Debug|Any CPU.Build.0 = Debug|Any CPU
		{401DF3EF-241B-4E9D-84E4-8DBEA62D4325}.Release|Any CPU.ActiveCfg = Release|Any CPU
		{401DF3EF-241B-4E9D-84E4-8DBEA62D4325}.Release|Any CPU.Build.0 = Release|Any CPU
		{CD51B114-12F1-4616-B8BD-F0957A25751F}.Debug|Any CPU.ActiveCfg = Debug|Any CPU
		{CD51B114-12F1-4616-B8BD-F0957A25751F}.Debug|Any CPU.Build.0 = Debug|Any CPU
		{CD51B114-12F1-4616-B8BD-F0957A25751F}.Release|Any CPU.ActiveCfg = Release|Any CPU
		{CD51B114-12F1-4616-B8BD-F0957A25751F}.Release|Any CPU.Build.0 = Release|Any CPU
		{980FBB4E-1D6D-4DD0-AD23-A8D6A62F508E}.Debug|Any CPU.ActiveCfg = Debug|Any CPU
		{980FBB4E-1D6D-4DD0-AD23-A8D6A62F508E}.Debug|Any CPU.Build.0 = Debug|Any CPU
		{980FBB4E-1D6D-4DD0-AD23-A8D6A62F508E}.Release|Any CPU.ActiveCfg = Release|Any CPU
		{980FBB4E-1D6D-4DD0-AD23-A8D6A62F508E}.Release|Any CPU.Build.0 = Release|Any CPU
	EndGlobalSection
	GlobalSection(SolutionProperties) = preSolution
		HideSolutionNode = FALSE
	EndGlobalSection
	GlobalSection(ExtensibilityGlobals) = postSolution
		SolutionGuid = {7FF3ACD1-06A0-4928-A850-7777477B63E2}
	EndGlobalSection
EndGlobal
